
Microsoft Visual Studio Solution File, Format Version 12.00
# Visual Studio 15
VisualStudioVersion = 15.0.27004.2005
MinimumVisualStudioVersion = 10.0.40219.1
Project("{FAE04EC0-301F-11D3-BF4B-00C04F79EFBC}") = "FriendOrganizer.UI", "FriendOrganizer.UI\FriendOrganizer.UI.csproj", "{E584DA7F-739F-4E85-853D-98B9B920C785}"
EndProject
Project("{FAE04EC0-301F-11D3-BF4B-00C04F79EFBC}") = "FriendOrganizer.DataAccess", "FriendOrganizer.DataAccess\FriendOrganizer.DataAccess.csproj", "{659A0077-D2B9-4C6A-96F7-5EF7769D3FD9}"
EndProject
Project("{FAE04EC0-301F-11D3-BF4B-00C04F79EFBC}") = "FriendOrganizer.Model", "FriendOrganizer.Model\FriendOrganizer.Model.csproj", "{CC99CB01-F627-4F45-9790-A3A878D1F5E4}"
EndProject
Global
	GlobalSection(SolutionConfigurationPlatforms) = preSolution
		Debug|Any CPU = Debug|Any CPU
		Release|Any CPU = Release|Any CPU
	EndGlobalSection
	GlobalSection(ProjectConfigurationPlatforms) = postSolution
		{E584DA7F-739F-4E85-853D-98B9B920C785}.Debug|Any CPU.ActiveCfg = Debug|Any CPU
		{E584DA7F-739F-4E85-853D-98B9B920C785}.Debug|Any CPU.Build.0 = Debug|Any CPU
		{E584DA7F-739F-4E85-853D-98B9B920C785}.Release|Any CPU.ActiveCfg = Release|Any CPU
		{E584DA7F-739F-4E85-853D-98B9B920C785}.Release|Any CPU.Build.0 = Release|Any CPU
		{659A0077-D2B9-4C6A-96F7-5EF7769D3FD9}.Debug|Any CPU.ActiveCfg = Debug|Any CPU
		{659A0077-D2B9-4C6A-96F7-5EF7769D3FD9}.Debug|Any CPU.Build.0 = Debug|Any CPU
		{659A0077-D2B9-4C6A-96F7-5EF7769D3FD9}.Release|Any CPU.ActiveCfg = Release|Any CPU
		{659A0077-D2B9-4C6A-96F7-5EF7769D3FD9}.Release|Any CPU.Build.0 = Release|Any CPU
		{CC99CB01-F627-4F45-9790-A3A878D1F5E4}.Debug|Any CPU.ActiveCfg = Debug|Any CPU
		{CC99CB01-F627-4F45-9790-A3A878D1F5E4}.Debug|Any CPU.Build.0 = Debug|Any CPU
		{CC99CB01-F627-4F45-9790-A3A878D1F5E4}.Release|Any CPU.ActiveCfg = Release|Any CPU
		{CC99CB01-F627-4F45-9790-A3A878D1F5E4}.Release|Any CPU.Build.0 = Release|Any CPU
	EndGlobalSection
	GlobalSection(SolutionProperties) = preSolution
		HideSolutionNode = FALSE
	EndGlobalSection
	GlobalSection(ExtensibilityGlobals) = postSolution
		SolutionGuid = {8F670DA1-92EA-45E4-9CC3-2337869B3B89}
	EndGlobalSection
EndGlobal
